<?xml version="1.0" encoding="utf-8"?>
<Project ToolsVersion="4.0" xmlns="http://schemas.microsoft.com/developer/msbuild/2003">
  <ItemGroup>
    <Filter Include="原始程式檔">
      <UniqueIdentifier>{4FC737F1-C7A5-4376-A066-2A32D752A2FF}</UniqueIdentifier>
      <Extensions>cpp;c;cc;cxx;def;odl;idl;hpj;bat;asm;asmx</Extensions>
    </Filter>
    <Filter Include="標頭檔">
      <UniqueIdentifier>{93995380-89BD-4b04-88EB-625FBE52EBFB}</UniqueIdentifier>
      <Extensions>h;hh;hpp;hxx;hm;inl;inc;xsd</Extensions>
    </Filter>
    <Filter Include="資源檔">
      <UniqueIdentifier>{67DA6AB6-F800-4c08-8B7A-83BB121AAD01}</UniqueIdentifier>
      <Extensions>rc;ico;cur;bmp;dlg;rc2;rct;bin;rgs;gif;jpg;jpeg;jpe;resx;tiff;tif;png;wav;mfcribbon-ms</Extensions>
    </Filter>
  </ItemGroup>
  <ItemGroup>
    <ClCompile Include="main.cpp">
      <Filter>原始程式檔</Filter>
    </ClCompile>
    <ClCompile Include="SerialPort.cpp">
      <Filter>原始程式檔</Filter>
    </ClCompile>
    <ClCompile Include="MainFrame.cpp">
      <Filter>原始程式檔</Filter>
    </ClCompile>
    <ClCompile Include="PMBusCMDGridTable.cpp">
      <Filter>原始程式檔</Filter>
    </ClCompile>
    <ClCompile Include="MyListStoreDerivedModel.cpp">
      <Filter>原始程式檔</Filter>
    </ClCompile>
    <ClCompile Include="PMBusDataViewListModel.cpp">
      <Filter>原始程式檔</Filter>
    </ClCompile>
    <ClCompile Include="PSUStatusBar.cpp">
      <Filter>原始程式檔</Filter>
    </ClCompile>
    <ClCompile Include="HID.cpp">
      <Filter>原始程式檔</Filter>
    </ClCompile>
    <ClCompile Include="IOPortSendCMDThread.cpp">
      <Filter>原始程式檔</Filter>
    </ClCompile>
    <ClCompile Include="IOPortReadCMDThread.cpp">
      <Filter>原始程式檔</Filter>
    </ClCompile>
    <ClCompile Include="PEC.cpp">
      <Filter>原始程式檔</Filter>
    </ClCompile>
    <ClCompile Include="PMBUSCBQuery.cpp">
      <Filter>原始程式檔</Filter>
    </ClCompile>
    <ClCompile Include="PMBUSCBCook.cpp">
      <Filter>原始程式檔</Filter>
    </ClCompile>
    <ClCompile Include="PMBUSCBRaw.cpp">
      <Filter>原始程式檔</Filter>
    </ClCompile>
  </ItemGroup>
  <ItemGroup>
    <ClInclude Include="SerialPort.h">
      <Filter>標頭檔</Filter>
    </ClInclude>
    <ClInclude Include="CommonDef.h">
      <Filter>標頭檔</Filter>
    </ClInclude>
    <ClInclude Include="main.h">
      <Filter>標頭檔</Filter>
    </ClInclude>
    <ClInclude Include="MainFrame.h">
      <Filter>標頭檔</Filter>
    </ClInclude>
    <ClInclude Include="PMBusCMDGridTable.h">
      <Filter>標頭檔</Filter>
    </ClInclude>
    <ClInclude Include="MyListStoreDerivedModel.h">
      <Filter>標頭檔</Filter>
    </ClInclude>
    <ClInclude Include="PMBusDataViewListModel.h">
      <Filter>標頭檔</Filter>
    </ClInclude>
    <ClInclude Include="PSUStatusBar.h">
      <Filter>標頭檔</Filter>
    </ClInclude>
    <ClInclude Include="PMBUSCommandType.h">
      <Filter>標頭檔</Filter>
    </ClInclude>
    <ClInclude Include="PMBUSCommand.h">
      <Filter>標頭檔</Filter>
    </ClInclude>
    <ClInclude Include="PMBUSCMDCB.h">
      <Filter>標頭檔</Filter>
    </ClInclude>
    <ClInclude Include="HID.h">
      <Filter>標頭檔</Filter>
    </ClInclude>
    <ClInclude Include="IOAccess.h">
      <Filter>標頭檔</Filter>
    </ClInclude>
    <ClInclude Include="IOPortSendCMDThread.h">
      <Filter>標頭檔</Filter>
    </ClInclude>
    <ClInclude Include="IOPortReadCMDThread.h">
      <Filter>標頭檔</Filter>
    </ClInclude>
    <ClInclude Include="PEC.h">
      <Filter>標頭檔</Filter>
    </ClInclude>
    <ClInclude Include="PMBUSCBQuery.h">
      <Filter>標頭檔</Filter>
    </ClInclude>
    <ClInclude Include="PMBUSCBCook.h">
      <Filter>標頭檔</Filter>
    </ClInclude>
    <ClInclude Include="PMBUSCBRaw.h">
      <Filter>標頭檔</Filter>
    </ClInclude>
  </ItemGroup>
  <ItemGroup>
    <ResourceCompile Include="Resource.rc">
      <Filter>資源檔</Filter>
    </ResourceCompile>
  </ItemGroup>
</Project>