<?xml version="1.0" encoding="utf-8"?>
<Project ToolsVersion="4.0" xmlns="http://schemas.microsoft.com/developer/msbuild/2003">
  <ItemGroup>
    <Filter Include="原始程式檔">
      <UniqueIdentifier>{4FC737F1-C7A5-4376-A066-2A32D752A2FF}</UniqueIdentifier>
      <Extensions>cpp;c;cc;cxx;def;odl;idl;hpj;bat;asm;asmx</Extensions>
    </Filter>
    <Filter Include="標頭檔">
      <UniqueIdentifier>{93995380-89BD-4b04-88EB-625FBE52EBFB}</UniqueIdentifier>
      <Extensions>h;hh;hpp;hxx;hm;inl;inc;xsd</Extensions>
    </Filter>
    <Filter Include="資源檔">
      <UniqueIdentifier>{67DA6AB6-F800-4c08-8B7A-83BB121AAD01}</UniqueIdentifier>
      <Extensions>rc;ico;cur;bmp;dlg;rc2;rct;bin;rgs;gif;jpg;jpeg;jpe;resx;tiff;tif;png;wav;mfcribbon-ms</Extensions>
    </Filter>
  </ItemGroup>
  <ItemGroup>
    <ClCompile Include="main.cpp">
      <Filter>原始程式檔</Filter>
    </ClCompile>
    <ClCompile Include="SerialPort.cpp">
      <Filter>原始程式檔</Filter>
    </ClCompile>
    <ClCompile Include="MainFrame.cpp">
      <Filter>原始程式檔</Filter>
    </ClCompile>
    <ClCompile Include="HID.cpp">
      <Filter>原始程式檔</Filter>
    </ClCompile>
    <ClCompile Include="IOPortSendCMDThread.cpp">
      <Filter>原始程式檔</Filter>
    </ClCompile>
    <ClCompile Include="IOPortReadCMDThread.cpp">
      <Filter>原始程式檔</Filter>
    </ClCompile>
    <ClCompile Include="PEC.cpp">
      <Filter>原始程式檔</Filter>
    </ClCompile>
    <ClCompile Include="PMBUSCBQuery.cpp">
      <Filter>原始程式檔</Filter>
    </ClCompile>
    <ClCompile Include="PMBUSCBCook.cpp">
      <Filter>原始程式檔</Filter>
    </ClCompile>
    <ClCompile Include="PMBUSCBRaw.cpp">
      <Filter>原始程式檔</Filter>
    </ClCompile>
    <ClCompile Include="STDPage.cpp">
      <Filter>原始程式檔</Filter>
    </ClCompile>
    <ClCompile Include="BaseWritePage.cpp">
      <Filter>原始程式檔</Filter>
    </ClCompile>
    <ClCompile Include="WritePage00H.cpp">
      <Filter>原始程式檔</Filter>
    </ClCompile>
    <ClCompile Include="PMBUSHelper.cpp">
      <Filter>原始程式檔</Filter>
    </ClCompile>
    <ClCompile Include="WritePage01H.cpp">
      <Filter>原始程式檔</Filter>
    </ClCompile>
    <ClCompile Include="WritePage02H.cpp">
      <Filter>原始程式檔</Filter>
    </ClCompile>
    <ClCompile Include="WritePage03H.cpp">
      <Filter>原始程式檔</Filter>
    </ClCompile>
    <ClCompile Include="WritePage1BH.cpp">
      <Filter>原始程式檔</Filter>
    </ClCompile>
    <ClCompile Include="WritePage3AH.cpp">
      <Filter>原始程式檔</Filter>
    </ClCompile>
    <ClCompile Include="WritePage3BH.cpp">
      <Filter>原始程式檔</Filter>
    </ClCompile>
    <ClCompile Include="WritePage51H.cpp">
      <Filter>原始程式檔</Filter>
    </ClCompile>
    <ClCompile Include="WritePage5DH.cpp">
      <Filter>原始程式檔</Filter>
    </ClCompile>
    <ClCompile Include="WritePage6AH.cpp">
      <Filter>原始程式檔</Filter>
    </ClCompile>
    <ClCompile Include="WritePage6BH.cpp">
      <Filter>原始程式檔</Filter>
    </ClCompile>
    <ClCompile Include="WritePage99H.cpp">
      <Filter>原始程式檔</Filter>
    </ClCompile>
    <ClCompile Include="WritePage9AH.cpp">
      <Filter>原始程式檔</Filter>
    </ClCompile>
    <ClCompile Include="WritePage9BH.cpp">
      <Filter>原始程式檔</Filter>
    </ClCompile>
    <ClCompile Include="WritePage9CH.cpp">
      <Filter>原始程式檔</Filter>
    </ClCompile>
    <ClCompile Include="WritePage9DH.cpp">
      <Filter>原始程式檔</Filter>
    </ClCompile>
    <ClCompile Include="WritePage9EH.cpp">
      <Filter>原始程式檔</Filter>
    </ClCompile>
    <ClCompile Include="WritePageD0H.cpp">
      <Filter>原始程式檔</Filter>
    </ClCompile>
    <ClCompile Include="WritePageDCH.cpp">
      <Filter>原始程式檔</Filter>
    </ClCompile>
    <ClCompile Include="WritePageDDH.cpp">
      <Filter>原始程式檔</Filter>
    </ClCompile>
    <ClCompile Include="WritePageFAH.cpp">
      <Filter>原始程式檔</Filter>
    </ClCompile>
    <ClCompile Include="PMBUSStatusPanel.cpp">
      <Filter>原始程式檔</Filter>
    </ClCompile>
    <ClCompile Include="PMBUSStatusDCHPanel.cpp">
      <Filter>原始程式檔</Filter>
    </ClCompile>
    <ClCompile Include="CalibrationDialog.cpp">
      <Filter>原始程式檔</Filter>
    </ClCompile>
    <ClCompile Include="SendWriteCMDTask.cpp">
      <Filter>原始程式檔</Filter>
    </ClCompile>
    <ClCompile Include="TaskSystemThread.cpp">
      <Filter>原始程式檔</Filter>
    </ClCompile>
    <ClCompile Include="ReceiveWriteCMDTask.cpp">
      <Filter>原始程式檔</Filter>
    </ClCompile>
    <ClCompile Include="PMBUSStatusBar.cpp">
      <Filter>原始程式檔</Filter>
    </ClCompile>
    <ClCompile Include="AboutDialog.cpp">
      <Filter>原始程式檔</Filter>
    </ClCompile>
    <ClCompile Include="PMBUSMFRPanel.cpp">
      <Filter>原始程式檔</Filter>
    </ClCompile>
    <ClCompile Include="PMBUSVerificationPanel.cpp">
      <Filter>原始程式檔</Filter>
    </ClCompile>
    <ClCompile Include="I2CInterfaceDialog.cpp">
      <Filter>原始程式檔</Filter>
    </ClCompile>
    <ClCompile Include="ComportDialog.cpp">
      <Filter>原始程式檔</Filter>
    </ClCompile>
    <ClCompile Include="PMBUSArtProv.cpp">
      <Filter>原始程式檔</Filter>
    </ClCompile>
    <ClCompile Include="TIHexFileParser.cpp">
      <Filter>原始程式檔</Filter>
    </ClCompile>
    <ClCompile Include="PMBUSCMDListModel.cpp">
      <Filter>原始程式檔</Filter>
    </ClCompile>
    <ClCompile Include="TIHexMMAPModel.cpp">
      <Filter>原始程式檔</Filter>
    </ClCompile>
    <ClCompile Include="PMBUSFWUpdatePanel.cpp">
      <Filter>原始程式檔</Filter>
    </ClCompile>
    <ClCompile Include="SendISPWriteDataTask.cpp">
      <Filter>原始程式檔</Filter>
    </ClCompile>
    <ClCompile Include="SendISPStartCMDTask.cpp">
      <Filter>原始程式檔</Filter>
    </ClCompile>
    <ClCompile Include="ReceiveISPStartCMDTask.cpp">
      <Filter>原始程式檔</Filter>
    </ClCompile>
    <ClCompile Include="ReceiveISPWriteDataTask.cpp">
      <Filter>原始程式檔</Filter>
    </ClCompile>
    <ClCompile Include="SendISPEndCMDTask.cpp">
      <Filter>原始程式檔</Filter>
    </ClCompile>
    <ClCompile Include="ReceiveISPEndCMDTask.cpp">
      <Filter>原始程式檔</Filter>
    </ClCompile>
    <ClCompile Include="SendISPStartVerifyCMDTask.cpp">
      <Filter>原始程式檔</Filter>
    </ClCompile>
    <ClCompile Include="ReceiveISPStartVerifyCMDTask.cpp">
      <Filter>原始程式檔</Filter>
    </ClCompile>
    <ClCompile Include="SendISPCheckStatusTask.cpp">
      <Filter>原始程式檔</Filter>
    </ClCompile>
    <ClCompile Include="ReceiveISPCheckStatusTask.cpp">
      <Filter>原始程式檔</Filter>
    </ClCompile>
    <ClCompile Include="SendRebootCheckTask.cpp">
      <Filter>原始程式檔</Filter>
    </ClCompile>
    <ClCompile Include="ReceiveRebootCheckTask.cpp">
      <Filter>原始程式檔</Filter>
    </ClCompile>
    <ClCompile Include="PMBUSLogTextCtrl.cpp">
      <Filter>原始程式檔</Filter>
    </ClCompile>
    <ClCompile Include="USBSettingsDialog.cpp">
      <Filter>原始程式檔</Filter>
    </ClCompile>
    <ClCompile Include="USBInfoPanel.cpp">
      <Filter>原始程式檔</Filter>
    </ClCompile>
    <ClCompile Include="USBI2CRS232Panel.cpp">
      <Filter>原始程式檔</Filter>
    </ClCompile>
    <ClCompile Include="USBSPICANPanel.cpp">
      <Filter>原始程式檔</Filter>
    </ClCompile>
    <ClCompile Include="USBGPIOPanel.cpp">
      <Filter>原始程式檔</Filter>
    </ClCompile>
    <ClCompile Include="PMBUSFWProgressDialog.cpp">
      <Filter>原始程式檔</Filter>
    </ClCompile>
    <ClCompile Include="ISPSequenceThread.cpp">
      <Filter>原始程式檔</Filter>
    </ClCompile>
    <ClCompile Include="UserCancelISPPostDelayTask.cpp">
      <Filter>原始程式檔</Filter>
    </ClCompile>
    <ClCompile Include="UserCancelISPTask.cpp">
      <Filter>原始程式檔</Filter>
    </ClCompile>
    <ClCompile Include="SendUSBAdaptorBitRateTask.cpp">
      <Filter>原始程式檔</Filter>
    </ClCompile>
    <ClCompile Include="PMBUSBitmapButton.cpp">
      <Filter>原始程式檔</Filter>
    </ClCompile>
    <ClCompile Include="SendUSBAdaptorUARTSettingTask.cpp">
      <Filter>原始程式檔</Filter>
    </ClCompile>
    <ClCompile Include="SendUSBAdaptorConfigTask.cpp">
      <Filter>原始程式檔</Filter>
    </ClCompile>
    <ClCompile Include="SendUSBAdaptorParameterTask.cpp">
      <Filter>原始程式檔</Filter>
    </ClCompile>
    <ClCompile Include="ReceiveUSBAdaptorSettingCMDTask.cpp">
      <Filter>原始程式檔</Filter>
    </ClCompile>
    <ClCompile Include="ModelSelectDialog.cpp">
      <Filter>原始程式檔</Filter>
    </ClCompile>
    <ClCompile Include="ClearIOReadBufferTask.cpp">
      <Filter>原始程式檔</Filter>
    </ClCompile>
    <ClCompile Include="I2CSlaveAddressDialog.cpp">
      <Filter>原始程式檔</Filter>
    </ClCompile>
    <ClCompile Include="IncreaseCPUOverHeadThread.cpp">
      <Filter>原始程式檔</Filter>
    </ClCompile>
    <ClCompile Include="GIGABYTE_CRPS001_CBCook.cpp">
      <Filter>原始程式檔</Filter>
    </ClCompile>
    <ClCompile Include="GIGABYTE_CRPS001_CBQuery.cpp">
      <Filter>原始程式檔</Filter>
    </ClCompile>
    <ClCompile Include="GIGABYTE_CRPS001_CBRaw.cpp">
      <Filter>原始程式檔</Filter>
    </ClCompile>
    <ClCompile Include="WritePageC0H.cpp">
      <Filter>原始程式檔</Filter>
    </ClCompile>
    <ClCompile Include="WritePageC1H.cpp">
      <Filter>原始程式檔</Filter>
    </ClCompile>
    <ClCompile Include="WritePageC2H.cpp">
      <Filter>原始程式檔</Filter>
    </ClCompile>
    <ClCompile Include="WritePage31H.cpp">
      <Filter>原始程式檔</Filter>
    </ClCompile>
    <ClCompile Include="WritePage4AH.cpp">
      <Filter>原始程式檔</Filter>
    </ClCompile>
  </ItemGroup>
  <ItemGroup>
    <ClInclude Include="SerialPort.h">
      <Filter>標頭檔</Filter>
    </ClInclude>
    <ClInclude Include="CommonDef.h">
      <Filter>標頭檔</Filter>
    </ClInclude>
    <ClInclude Include="main.h">
      <Filter>標頭檔</Filter>
    </ClInclude>
    <ClInclude Include="MainFrame.h">
      <Filter>標頭檔</Filter>
    </ClInclude>
    <ClInclude Include="PMBUSCommandType.h">
      <Filter>標頭檔</Filter>
    </ClInclude>
    <ClInclude Include="PMBUSCommand.h">
      <Filter>標頭檔</Filter>
    </ClInclude>
    <ClInclude Include="PMBUSCMDCB.h">
      <Filter>標頭檔</Filter>
    </ClInclude>
    <ClInclude Include="HID.h">
      <Filter>標頭檔</Filter>
    </ClInclude>
    <ClInclude Include="IOAccess.h">
      <Filter>標頭檔</Filter>
    </ClInclude>
    <ClInclude Include="IOPortSendCMDThread.h">
      <Filter>標頭檔</Filter>
    </ClInclude>
    <ClInclude Include="IOPortReadCMDThread.h">
      <Filter>標頭檔</Filter>
    </ClInclude>
    <ClInclude Include="PEC.h">
      <Filter>標頭檔</Filter>
    </ClInclude>
    <ClInclude Include="PMBUSCBQuery.h">
      <Filter>標頭檔</Filter>
    </ClInclude>
    <ClInclude Include="PMBUSCBCook.h">
      <Filter>標頭檔</Filter>
    </ClInclude>
    <ClInclude Include="PMBUSCBRaw.h">
      <Filter>標頭檔</Filter>
    </ClInclude>
    <ClInclude Include="STDPage.h">
      <Filter>標頭檔</Filter>
    </ClInclude>
    <ClInclude Include="BaseWritePage.h">
      <Filter>標頭檔</Filter>
    </ClInclude>
    <ClInclude Include="PMBUSCMDWritePages.h">
      <Filter>標頭檔</Filter>
    </ClInclude>
    <ClInclude Include="PMBUSHelper.h">
      <Filter>標頭檔</Filter>
    </ClInclude>
    <ClInclude Include="PMBUSStatus.h">
      <Filter>標頭檔</Filter>
    </ClInclude>
    <ClInclude Include="PMBUSStatusPanel.h">
      <Filter>標頭檔</Filter>
    </ClInclude>
    <ClInclude Include="PMBUSStatusDCHPanel.h">
      <Filter>標頭檔</Filter>
    </ClInclude>
    <ClInclude Include="CalibrationDialog.h">
      <Filter>標頭檔</Filter>
    </ClInclude>
    <ClInclude Include="Task.h">
      <Filter>標頭檔</Filter>
    </ClInclude>
    <ClInclude Include="TaskSystemThread.h">
      <Filter>標頭檔</Filter>
    </ClInclude>
    <ClInclude Include="AppSettings.h">
      <Filter>標頭檔</Filter>
    </ClInclude>
    <ClInclude Include="PMBUSStatusBar.h">
      <Filter>標頭檔</Filter>
    </ClInclude>
    <ClInclude Include="AboutDialog.h">
      <Filter>標頭檔</Filter>
    </ClInclude>
    <ClInclude Include="PMBUSMFRPanel.h">
      <Filter>標頭檔</Filter>
    </ClInclude>
    <ClInclude Include="PMBUSVerificationPanel.h">
      <Filter>標頭檔</Filter>
    </ClInclude>
    <ClInclude Include="I2CInterfaceDialog.h">
      <Filter>標頭檔</Filter>
    </ClInclude>
    <ClInclude Include="ComportDialog.h">
      <Filter>標頭檔</Filter>
    </ClInclude>
    <ClInclude Include="PMBUSArtProv.h">
      <Filter>標頭檔</Filter>
    </ClInclude>
    <ClInclude Include="TIHexFileParser.h">
      <Filter>標頭檔</Filter>
    </ClInclude>
    <ClInclude Include="PMBUSCMDListModel.h">
      <Filter>標頭檔</Filter>
    </ClInclude>
    <ClInclude Include="TIHexMMAPModel.h">
      <Filter>標頭檔</Filter>
    </ClInclude>
    <ClInclude Include="PMBUSLog.h">
      <Filter>標頭檔</Filter>
    </ClInclude>
    <ClInclude Include="PMBUSFWUpdatePanel.h">
      <Filter>標頭檔</Filter>
    </ClInclude>
    <ClInclude Include="version.h">
      <Filter>標頭檔</Filter>
    </ClInclude>
    <ClInclude Include="PMBUSLogTextCtrl.h">
      <Filter>標頭檔</Filter>
    </ClInclude>
    <ClInclude Include="USBSettingsDialog.h">
      <Filter>標頭檔</Filter>
    </ClInclude>
    <ClInclude Include="USBInfoPanel.h">
      <Filter>標頭檔</Filter>
    </ClInclude>
    <ClInclude Include="USBI2CRS232Panel.h">
      <Filter>標頭檔</Filter>
    </ClInclude>
    <ClInclude Include="USBSPICANPanel.h">
      <Filter>標頭檔</Filter>
    </ClInclude>
    <ClInclude Include="USBGPIOPanel.h">
      <Filter>標頭檔</Filter>
    </ClInclude>
    <ClInclude Include="USBInfoType.h">
      <Filter>標頭檔</Filter>
    </ClInclude>
    <ClInclude Include="CustomEvent.h">
      <Filter>標頭檔</Filter>
    </ClInclude>
    <ClInclude Include="PMBUSFWProgressDialog.h">
      <Filter>標頭檔</Filter>
    </ClInclude>
    <ClInclude Include="ISPSequenceThread.h">
      <Filter>標頭檔</Filter>
    </ClInclude>
    <ClInclude Include="USBAdaptorSetting.h">
      <Filter>標頭檔</Filter>
    </ClInclude>
    <ClInclude Include="PMBUSBitmapButton.h">
      <Filter>標頭檔</Filter>
    </ClInclude>
    <ClInclude Include="ModelType.h">
      <Filter>標頭檔</Filter>
    </ClInclude>
    <ClInclude Include="FSG003_000G.h">
      <Filter>標頭檔</Filter>
    </ClInclude>
    <ClInclude Include="FSG003_000G_CMDCB.h">
      <Filter>標頭檔</Filter>
    </ClInclude>
    <ClInclude Include="ModelList.h">
      <Filter>標頭檔</Filter>
    </ClInclude>
    <ClInclude Include="ModelSelectDialog.h">
      <Filter>標頭檔</Filter>
    </ClInclude>
    <ClInclude Include="Generic_Model.h">
      <Filter>標頭檔</Filter>
    </ClInclude>
    <ClInclude Include="Generic_CMDCB.h">
      <Filter>標頭檔</Filter>
    </ClInclude>
    <ClInclude Include="CustomerType.h">
      <Filter>標頭檔</Filter>
    </ClInclude>
    <ClInclude Include="CustomerList.h">
      <Filter>標頭檔</Filter>
    </ClInclude>
    <ClInclude Include="Models.h">
      <Filter>標頭檔</Filter>
    </ClInclude>
    <ClInclude Include="Customers.h">
      <Filter>標頭檔</Filter>
    </ClInclude>
    <ClInclude Include="Preprocessor.h">
      <Filter>標頭檔</Filter>
    </ClInclude>
    <ClInclude Include="I2CSlaveAddressDialog.h">
      <Filter>標頭檔</Filter>
    </ClInclude>
    <ClInclude Include="IncreaseCPUOverHeadThread.h">
      <Filter>標頭檔</Filter>
    </ClInclude>
    <ClInclude Include="GIGABYTE_CRPS001.h">
      <Filter>標頭檔</Filter>
    </ClInclude>
    <ClInclude Include="GIGABYTE_CRPS001_CMDCB.h">
      <Filter>標頭檔</Filter>
    </ClInclude>
    <ClInclude Include="GIGABYTE_CRPS001_CBRaw.h">
      <Filter>標頭檔</Filter>
    </ClInclude>
    <ClInclude Include="GIGABYTE_CRPS001_CBQuery.h">
      <Filter>標頭檔</Filter>
    </ClInclude>
    <ClInclude Include="GIGABYTE_CRPS001_CBCook.h">
      <Filter>標頭檔</Filter>
    </ClInclude>
  </ItemGroup>
  <ItemGroup>
    <ResourceCompile Include="Resource.rc">
      <Filter>資源檔</Filter>
    </ResourceCompile>
  </ItemGroup>
</Project>